
Microsoft Visual Studio Solution File, Format Version 12.00
# Visual Studio Version 17
VisualStudioVersion = 17.6.33815.320
MinimumVisualStudioVersion = 10.0.40219.1
Project("{FAE04EC0-301F-11D3-BF4B-00C04F79EFBC}") = "MyTcpListener", "MyTcpListener\MyTcpListener.csproj", "{D6474AF4-F762-4A1D-A726-ADAE3812812A}"
EndProject
Global
	GlobalSection(SolutionConfigurationPlatforms) = preSolution
		Debug|Any CPU = Debug|Any CPU
		Release|Any CPU = Release|Any CPU
	EndGlobalSection
	GlobalSection(ProjectConfigurationPlatforms) = postSolution
		{D6474AF4-F762-4A1D-A726-ADAE3812812A}.Debug|Any CPU.ActiveCfg = Debug|Any CPU
		{D6474AF4-F762-4A1D-A726-ADAE3812812A}.Debug|Any CPU.Build.0 = Debug|Any CPU
		{D6474AF4-F762-4A1D-A726-ADAE3812812A}.Release|Any CPU.ActiveCfg = Release|Any CPU
		{D6474AF4-F762-4A1D-A726-ADAE3812812A}.Release|Any CPU.Build.0 = Release|Any CPU
	EndGlobalSection
	GlobalSection(SolutionProperties) = preSolution
		HideSolutionNode = FALSE
	EndGlobalSection
	GlobalSection(ExtensibilityGlobals) = postSolution
		SolutionGuid = {0E12ED74-3D40-421F-A289-8F4ABD526FE5}
	EndGlobalSection
EndGlobal
